<Solution>
  <Folder Name="/Solution Items/">
    <File Path="DatabaseTasks/Airline Information System.drawio (1).png" />
    <File Path="DatabaseTasks/College Management System.drawio.png" />
  </Folder>
  <Project Path="BankingSystemApp/BankingSystemApp.csproj" Id="014e7880-84f9-4cdf-b404-3fa0edfbd547" />
  <Project Path="First15Tasks/First15Tasks.csproj" />
  <Project Path="FirstCSharpProject/FirstCSharpProject.csproj" />
  <Project Path="Task 2/Task 2.csproj" Id="e1c76397-27b7-40da-ab15-5a02015db260" />
  <Project Path="Task 3/Task 3.csproj" Id="5a8f26b7-9caf-4268-84a2-4ee2ca6b989a" />
  <Project Path="Task 4/Task 4.csproj" Id="0d1b8321-938e-4480-93bc-34525e81a97f" />
  <Project Path="Task 5/Task 5.csproj" Id="bdb4decf-ea27-443f-b3f4-aadf0ac9ac20" />
  <Project Path="Task 6/Task 6.csproj" Id="b6059f92-4098-41fc-9133-65c03c77fdf8" />
  <Project Path="Task 7/(Task 7)HotelManagementSystem.csproj" Id="4980e27b-99b3-485a-9384-bbd11318be06" />
</Solution>
